
Microsoft Visual Studio Solution File, Format Version 12.00
Project("{2150E333-8FDC-42A3-9474-1A3956D46DE8}") = "Api", "Api", "{A697C758-91CC-4B66-A99E-CF5260292E62}"
EndProject
Project("{2150E333-8FDC-42A3-9474-1A3956D46DE8}") = "BackgroundTasks", "BackgroundTasks", "{6CDEDA56-2A29-4873-96C3-F0F251E1C9C0}"
EndProject
Project("{FAE04EC0-301F-11D3-BF4B-00C04F79EFBC}") = "FinEasy.User.Front.Api", "FinEasy.User.Front.Api\FinEasy.User.Front.Api.csproj", "{940709E0-BC1E-41CB-AA46-D9ECBF68C768}"
EndProject
Project("{FAE04EC0-301F-11D3-BF4B-00C04F79EFBC}") = "FinEasy.User.Back.Api", "FinEasy.User.Back.Api\FinEasy.User.Back.Api.csproj", "{7C07F2E9-186A-41E8-BCA6-B64448B6293B}"
EndProject
Project("{2150E333-8FDC-42A3-9474-1A3956D46DE8}") = "Infrastructure", "Infrastructure", "{B361CDBF-F6A9-4243-87DE-4D7448E108F0}"
EndProject
Project("{2150E333-8FDC-42A3-9474-1A3956D46DE8}") = "Shared", "Shared", "{8EECCDF2-5797-470D-A87D-AE838907A5B4}"
EndProject
Project("{2150E333-8FDC-42A3-9474-1A3956D46DE8}") = "Domain", "Domain", "{6B465FEB-92F9-482D-8F84-56D1DD92D90C}"
EndProject
Project("{FAE04EC0-301F-11D3-BF4B-00C04F79EFBC}") = "FinEasy.User.HttpClients", "FinEasy.User.HttpClients\FinEasy.User.HttpClients.csproj", "{FD3B8240-D677-4CF3-9EB8-A6593DC2F11D}"
EndProject
Project("{2150E333-8FDC-42A3-9474-1A3956D46DE8}") = "Tests", "Tests", "{55495950-92C4-4F28-9840-989EA7B57C23}"
EndProject
Project("{FAE04EC0-301F-11D3-BF4B-00C04F79EFBC}") = "FinEasy.User.Modules", "FinEasy.User.Modules\FinEasy.User.Modules.csproj", "{5A8A508D-892B-4EF5-B51A-D690BFDDC48F}"
EndProject
Project("{FAE04EC0-301F-11D3-BF4B-00C04F79EFBC}") = "FinEasy.User.Logger", "FinEasy.User.Logger\FinEasy.User.Logger.csproj", "{CDCC151F-A599-478B-87AF-9795F44AE8BB}"
EndProject
Project("{FAE04EC0-301F-11D3-BF4B-00C04F79EFBC}") = "FinEasy.User.Workers", "FinEasy.User.Workers\FinEasy.User.Workers.csproj", "{253AE477-2B93-4CE9-BEE4-851ED3F29B9E}"
EndProject
Project("{FAE04EC0-301F-11D3-BF4B-00C04F79EFBC}") = "FinEasy.User.Polly", "FinEasy.User.Polly\FinEasy.User.Polly.csproj", "{827AFE98-6DC8-4FA1-BFF9-5A8DCDF07F59}"
EndProject
Project("{2150E333-8FDC-42A3-9474-1A3956D46DE8}") = "Integration", "Integration", "{390C5072-F09C-4B97-8C70-224689702FC5}"
EndProject
Project("{FAE04EC0-301F-11D3-BF4B-00C04F79EFBC}") = "FinEasy.User.Redis", "FinEasy.User.Redis\FinEasy.User.Redis.csproj", "{B742500C-AB80-4E90-B11D-12589877D62A}"
EndProject
Project("{FAE04EC0-301F-11D3-BF4B-00C04F79EFBC}") = "FinEasy.User.Kafka", "FinEasy.User.Kafka\FinEasy.User.Kafka.csproj", "{68FE3CD6-30A6-4170-BB3F-E6E98EED4B8E}"
EndProject
Project("{FAE04EC0-301F-11D3-BF4B-00C04F79EFBC}") = "FinEasy.User.DataAccess", "FinEasy.User.DataAccess\FinEasy.User.DataAccess.csproj", "{4DE25F88-E5E7-4904-A1A0-EBFA460CDD1F}"
EndProject
Project("{FAE04EC0-301F-11D3-BF4B-00C04F79EFBC}") = "FinEasy.User.Shared", "FinEasy.User.Shared\FinEasy.User.Shared.csproj", "{3552CC10-023C-4DD2-A105-7EB107A190C8}"
EndProject
Project("{FAE04EC0-301F-11D3-BF4B-00C04F79EFBC}") = "FinEasy.User.Prometheus", "FinEasy.User.Prometheus\FinEasy.User.Prometheus.csproj", "{EF9F42B3-20C4-4482-B0DA-0AB96A698466}"
EndProject
Project("{FAE04EC0-301F-11D3-BF4B-00C04F79EFBC}") = "FinEasy.User.Localization", "FinEasy.User.Localization\FinEasy.User.Localization.csproj", "{9BC46B90-ABCC-480F-A78B-82BC879B265A}"
EndProject
Global
	GlobalSection(SolutionConfigurationPlatforms) = preSolution
		Debug|Any CPU = Debug|Any CPU
		Release|Any CPU = Release|Any CPU
	EndGlobalSection
	GlobalSection(NestedProjects) = preSolution
		{940709E0-BC1E-41CB-AA46-D9ECBF68C768} = {A697C758-91CC-4B66-A99E-CF5260292E62}
		{7C07F2E9-186A-41E8-BCA6-B64448B6293B} = {A697C758-91CC-4B66-A99E-CF5260292E62}
		{5A8A508D-892B-4EF5-B51A-D690BFDDC48F} = {6B465FEB-92F9-482D-8F84-56D1DD92D90C}
		{CDCC151F-A599-478B-87AF-9795F44AE8BB} = {8EECCDF2-5797-470D-A87D-AE838907A5B4}
		{253AE477-2B93-4CE9-BEE4-851ED3F29B9E} = {6CDEDA56-2A29-4873-96C3-F0F251E1C9C0}
		{827AFE98-6DC8-4FA1-BFF9-5A8DCDF07F59} = {8EECCDF2-5797-470D-A87D-AE838907A5B4}
		{390C5072-F09C-4B97-8C70-224689702FC5} = {B361CDBF-F6A9-4243-87DE-4D7448E108F0}
		{FD3B8240-D677-4CF3-9EB8-A6593DC2F11D} = {390C5072-F09C-4B97-8C70-224689702FC5}
		{B742500C-AB80-4E90-B11D-12589877D62A} = {390C5072-F09C-4B97-8C70-224689702FC5}
		{68FE3CD6-30A6-4170-BB3F-E6E98EED4B8E} = {390C5072-F09C-4B97-8C70-224689702FC5}
		{4DE25F88-E5E7-4904-A1A0-EBFA460CDD1F} = {B361CDBF-F6A9-4243-87DE-4D7448E108F0}
		{3552CC10-023C-4DD2-A105-7EB107A190C8} = {8EECCDF2-5797-470D-A87D-AE838907A5B4}
		{EF9F42B3-20C4-4482-B0DA-0AB96A698466} = {B361CDBF-F6A9-4243-87DE-4D7448E108F0}
		{9BC46B90-ABCC-480F-A78B-82BC879B265A} = {B361CDBF-F6A9-4243-87DE-4D7448E108F0}
	EndGlobalSection
	GlobalSection(ProjectConfigurationPlatforms) = postSolution
		{940709E0-BC1E-41CB-AA46-D9ECBF68C768}.Debug|Any CPU.ActiveCfg = Debug|Any CPU
		{940709E0-BC1E-41CB-AA46-D9ECBF68C768}.Debug|Any CPU.Build.0 = Debug|Any CPU
		{940709E0-BC1E-41CB-AA46-D9ECBF68C768}.Release|Any CPU.ActiveCfg = Release|Any CPU
		{940709E0-BC1E-41CB-AA46-D9ECBF68C768}.Release|Any CPU.Build.0 = Release|Any CPU
		{7C07F2E9-186A-41E8-BCA6-B64448B6293B}.Debug|Any CPU.ActiveCfg = Debug|Any CPU
		{7C07F2E9-186A-41E8-BCA6-B64448B6293B}.Debug|Any CPU.Build.0 = Debug|Any CPU
		{7C07F2E9-186A-41E8-BCA6-B64448B6293B}.Release|Any CPU.ActiveCfg = Release|Any CPU
		{7C07F2E9-186A-41E8-BCA6-B64448B6293B}.Release|Any CPU.Build.0 = Release|Any CPU
		{FD3B8240-D677-4CF3-9EB8-A6593DC2F11D}.Debug|Any CPU.ActiveCfg = Debug|Any CPU
		{FD3B8240-D677-4CF3-9EB8-A6593DC2F11D}.Debug|Any CPU.Build.0 = Debug|Any CPU
		{FD3B8240-D677-4CF3-9EB8-A6593DC2F11D}.Release|Any CPU.ActiveCfg = Release|Any CPU
		{FD3B8240-D677-4CF3-9EB8-A6593DC2F11D}.Release|Any CPU.Build.0 = Release|Any CPU
		{5A8A508D-892B-4EF5-B51A-D690BFDDC48F}.Debug|Any CPU.ActiveCfg = Debug|Any CPU
		{5A8A508D-892B-4EF5-B51A-D690BFDDC48F}.Debug|Any CPU.Build.0 = Debug|Any CPU
		{5A8A508D-892B-4EF5-B51A-D690BFDDC48F}.Release|Any CPU.ActiveCfg = Release|Any CPU
		{5A8A508D-892B-4EF5-B51A-D690BFDDC48F}.Release|Any CPU.Build.0 = Release|Any CPU
		{CDCC151F-A599-478B-87AF-9795F44AE8BB}.Debug|Any CPU.ActiveCfg = Debug|Any CPU
		{CDCC151F-A599-478B-87AF-9795F44AE8BB}.Debug|Any CPU.Build.0 = Debug|Any CPU
		{CDCC151F-A599-478B-87AF-9795F44AE8BB}.Release|Any CPU.ActiveCfg = Release|Any CPU
		{CDCC151F-A599-478B-87AF-9795F44AE8BB}.Release|Any CPU.Build.0 = Release|Any CPU
		{253AE477-2B93-4CE9-BEE4-851ED3F29B9E}.Debug|Any CPU.ActiveCfg = Debug|Any CPU
		{253AE477-2B93-4CE9-BEE4-851ED3F29B9E}.Debug|Any CPU.Build.0 = Debug|Any CPU
		{253AE477-2B93-4CE9-BEE4-851ED3F29B9E}.Release|Any CPU.ActiveCfg = Release|Any CPU
		{253AE477-2B93-4CE9-BEE4-851ED3F29B9E}.Release|Any CPU.Build.0 = Release|Any CPU
		{827AFE98-6DC8-4FA1-BFF9-5A8DCDF07F59}.Debug|Any CPU.ActiveCfg = Debug|Any CPU
		{827AFE98-6DC8-4FA1-BFF9-5A8DCDF07F59}.Debug|Any CPU.Build.0 = Debug|Any CPU
		{827AFE98-6DC8-4FA1-BFF9-5A8DCDF07F59}.Release|Any CPU.ActiveCfg = Release|Any CPU
		{827AFE98-6DC8-4FA1-BFF9-5A8DCDF07F59}.Release|Any CPU.Build.0 = Release|Any CPU
		{B742500C-AB80-4E90-B11D-12589877D62A}.Debug|Any CPU.ActiveCfg = Debug|Any CPU
		{B742500C-AB80-4E90-B11D-12589877D62A}.Debug|Any CPU.Build.0 = Debug|Any CPU
		{B742500C-AB80-4E90-B11D-12589877D62A}.Release|Any CPU.ActiveCfg = Release|Any CPU
		{B742500C-AB80-4E90-B11D-12589877D62A}.Release|Any CPU.Build.0 = Release|Any CPU
		{68FE3CD6-30A6-4170-BB3F-E6E98EED4B8E}.Debug|Any CPU.ActiveCfg = Debug|Any CPU
		{68FE3CD6-30A6-4170-BB3F-E6E98EED4B8E}.Debug|Any CPU.Build.0 = Debug|Any CPU
		{68FE3CD6-30A6-4170-BB3F-E6E98EED4B8E}.Release|Any CPU.ActiveCfg = Release|Any CPU
		{68FE3CD6-30A6-4170-BB3F-E6E98EED4B8E}.Release|Any CPU.Build.0 = Release|Any CPU
		{4DE25F88-E5E7-4904-A1A0-EBFA460CDD1F}.Debug|Any CPU.ActiveCfg = Debug|Any CPU
		{4DE25F88-E5E7-4904-A1A0-EBFA460CDD1F}.Debug|Any CPU.Build.0 = Debug|Any CPU
		{4DE25F88-E5E7-4904-A1A0-EBFA460CDD1F}.Release|Any CPU.ActiveCfg = Release|Any CPU
		{4DE25F88-E5E7-4904-A1A0-EBFA460CDD1F}.Release|Any CPU.Build.0 = Release|Any CPU
		{3552CC10-023C-4DD2-A105-7EB107A190C8}.Debug|Any CPU.ActiveCfg = Debug|Any CPU
		{3552CC10-023C-4DD2-A105-7EB107A190C8}.Debug|Any CPU.Build.0 = Debug|Any CPU
		{3552CC10-023C-4DD2-A105-7EB107A190C8}.Release|Any CPU.ActiveCfg = Release|Any CPU
		{3552CC10-023C-4DD2-A105-7EB107A190C8}.Release|Any CPU.Build.0 = Release|Any CPU
		{EF9F42B3-20C4-4482-B0DA-0AB96A698466}.Debug|Any CPU.ActiveCfg = Debug|Any CPU
		{EF9F42B3-20C4-4482-B0DA-0AB96A698466}.Debug|Any CPU.Build.0 = Debug|Any CPU
		{EF9F42B3-20C4-4482-B0DA-0AB96A698466}.Release|Any CPU.ActiveCfg = Release|Any CPU
		{EF9F42B3-20C4-4482-B0DA-0AB96A698466}.Release|Any CPU.Build.0 = Release|Any CPU
		{9BC46B90-ABCC-480F-A78B-82BC879B265A}.Debug|Any CPU.ActiveCfg = Debug|Any CPU
		{9BC46B90-ABCC-480F-A78B-82BC879B265A}.Debug|Any CPU.Build.0 = Debug|Any CPU
		{9BC46B90-ABCC-480F-A78B-82BC879B265A}.Release|Any CPU.ActiveCfg = Release|Any CPU
		{9BC46B90-ABCC-480F-A78B-82BC879B265A}.Release|Any CPU.Build.0 = Release|Any CPU
	EndGlobalSection
EndGlobal
